
Microsoft Visual Studio Solution File, Format Version 12.00
Project("{FAE04EC0-301F-11D3-BF4B-00C04F79EFBC}") = "ProTask", "ProTask.csproj", "{F8011464-60C9-442E-BE28-1D184EDCA428}"
EndProject
Global
	GlobalSection(SolutionConfigurationPlatforms) = preSolution
		Debug|Any CPU = Debug|Any CPU
		Release|Any CPU = Release|Any CPU
	EndGlobalSection
	GlobalSection(ProjectConfigurationPlatforms) = postSolution
		{F8011464-60C9-442E-BE28-1D184EDCA428}.Debug|Any CPU.ActiveCfg = Debug|Any CPU
		{F8011464-60C9-442E-BE28-1D184EDCA428}.Debug|Any CPU.Build.0 = Debug|Any CPU
		{F8011464-60C9-442E-BE28-1D184EDCA428}.Release|Any CPU.ActiveCfg = Release|Any CPU
		{F8011464-60C9-442E-BE28-1D184EDCA428}.Release|Any CPU.Build.0 = Release|Any CPU
	EndGlobalSection
EndGlobal
